
Microsoft Visual Studio Solution File, Format Version 12.00
# Visual Studio Version 17
VisualStudioVersion = 17.1.32407.343
MinimumVisualStudioVersion = 10.0.40219.1
Project("{FAE04EC0-301F-11D3-BF4B-00C04F79EFBC}") = "CreationPlugin3", "CreationPlugin3\CreationPlugin3.csproj", "{72AA2270-B7EB-41B1-94CE-C0192DE203D7}"
EndProject
Global
	GlobalSection(SolutionConfigurationPlatforms) = preSolution
		Debug|Any CPU = Debug|Any CPU
		Release|Any CPU = Release|Any CPU
	EndGlobalSection
	GlobalSection(ProjectConfigurationPlatforms) = postSolution
		{72AA2270-B7EB-41B1-94CE-C0192DE203D7}.Debug|Any CPU.ActiveCfg = Debug|Any CPU
		{72AA2270-B7EB-41B1-94CE-C0192DE203D7}.Debug|Any CPU.Build.0 = Debug|Any CPU
		{72AA2270-B7EB-41B1-94CE-C0192DE203D7}.Release|Any CPU.ActiveCfg = Release|Any CPU
		{72AA2270-B7EB-41B1-94CE-C0192DE203D7}.Release|Any CPU.Build.0 = Release|Any CPU
	EndGlobalSection
	GlobalSection(SolutionProperties) = preSolution
		HideSolutionNode = FALSE
	EndGlobalSection
	GlobalSection(ExtensibilityGlobals) = postSolution
		SolutionGuid = {6080722D-E669-41CB-9CD5-FF28DE78475E}
	EndGlobalSection
EndGlobal
